{
  "name": "dok-timescheduler",
  "version": "1.0.0",
  "lockfileVersion": 1,
  "requires": true,
  "dependencies": {
    "dok-pool": {
      "version": "1.0.0",
      "resolved": "https://registry.npmjs.org/dok-pool/-/dok-pool-1.0.0.tgz",
      "integrity": "sha512-uuDllaaz6zvXpcVxkJma13OkXEX/6GKLSsIodqgo8lvrccsaYinE3j7af+Jg54/QCHPceQCQU/bEYKND/JFVuA=="
    }
  }
}
